PODS:
  - AFNetworking (1.3.4)
  - JSONModel (1.0.2)
  - OCHamcrest (4.1.1)
  - OCMockito (1.4.0):
    - OCHamcrest (~> 4.0)
  - OrderedDictionary (1.2)
  - PDKeychainBindingsController (0.0.1)

DEPENDENCIES:
  - AFNetworking (~> 1.0)
  - JSONModel
  - OCHamcrest
  - OCMockito
  - OrderedDictionary
  - PDKeychainBindingsController

SPEC CHECKSUMS:
  AFNetworking: cf8e418e16f0c9c7e5c3150d019a3c679d015018
  JSONModel: 6ffcb4ffa3659c9e9a2e5d45d6c7705bab187c03
  OCHamcrest: 6f03ffa81d12feab872638490a44ab0a6d3aca10
  OCMockito: 4981140c9a9ec06c31af40f636e3c0f25f27e6b2
  OrderedDictionary: 9cc5d69c5c5314ad696ed1839190724e83d534c7
  PDKeychainBindingsController: fa8cb3cf99f2ea9240d61066ed0549f34e2cec3c

COCOAPODS: 0.35.0
